{
  "name": "new-portfolio",
  "version": "1.0.0",
  "lockfileVersion": 1,
  "requires": true,
  "dependencies": {
    "bf-solid": {
      "version": "2.10.6",
      "resolved": "https://registry.npmjs.org/bf-solid/-/bf-solid-2.10.6.tgz",
      "integrity": "sha1-P3FYLmQBL//hOQy3tXDNgbUU3P8="
    }
  }
}
